// !$*UTF8*$!
{
	archiveVersion = 1;
	classes = {
	};
	objectVersion = 46;
	objects = {

/* Begin PBXBuildFile section */
		8D2A216D1522141000E9D6C1 /* Foundation.framework in Frameworks */ = {isa = PBXBuildFile; fileRef = 8D2A216C1522141000E9D6C1 /* Foundation.framework */; };
		8D2A216F1522141000E9D6C1 /* UIKit.framework in Frameworks */ = {isa = PBXBuildFile; fileRef = 8D2A216E1522141000E9D6C1 /* UIKit.framework */; };
		8D2A21711522141000E9D6C1 /* CoreGraphics.framework in Frameworks */ = {isa = PBXBuildFile; fileRef = 8D2A21701522141000E9D6C1 /* CoreGraphics.framework */; };
		8D2A21731522141000E9D6C1 /* AddressBook.framework in Frameworks */ = {isa = PBXBuildFile; fileRef = 8D2A21721522141000E9D6C1 /* AddressBook.framework */; };
		8D2A21751522141000E9D6C1 /* AddressBookUI.framework in Frameworks */ = {isa = PBXBuildFile; fileRef = 8D2A21741522141000E9D6C1 /* AddressBookUI.framework */; };
		8D2A21771522141000E9D6C1 /* AudioToolbox.framework in Frameworks */ = {isa = PBXBuildFile; fileRef = 8D2A21761522141000E9D6C1 /* AudioToolbox.framework */; };
		8D2A21791522141000E9D6C1 /* AVFoundation.framework in Frameworks */ = {isa = PBXBuildFile; fileRef = 8D2A21781522141000E9D6C1 /* AVFoundation.framework */; };
		8D2A217B1522141000E9D6C1 /* CoreLocation.framework in Frameworks */ = {isa = PBXBuildFile; fileRef = 8D2A217A1522141000E9D6C1 /* CoreLocation.framework */; };
		8D2A217D1522141000E9D6C1 /* MediaPlayer.framework in Frameworks */ = {isa = PBXBuildFile; fileRef = 8D2A217C1522141000E9D6C1 /* MediaPlayer.framework */; };
		8D2A217F1522141000E9D6C1 /* QuartzCore.framework in Frameworks */ = {isa = PBXBuildFile; fileRef = 8D2A217E1522141000E9D6C1 /* QuartzCore.framework */; };
		8D2A21811522141000E9D6C1 /* SystemConfiguration.framework in Frameworks */ = {isa = PBXBuildFile; fileRef = 8D2A21801522141000E9D6C1 /* SystemConfiguration.framework */; };
		8D2A21831522141000E9D6C1 /* MobileCoreServices.framework in Frameworks */ = {isa = PBXBuildFile; fileRef = 8D2A21821522141000E9D6C1 /* MobileCoreServices.framework */; };
		8D2A21851522141000E9D6C1 /* CoreMedia.framework in Frameworks */ = {isa = PBXBuildFile; fileRef = 8D2A21841522141000E9D6C1 /* CoreMedia.framework */; };
		8D2A218B1522141000E9D6C1 /* InfoPlist.strings in Resources */ = {isa = PBXBuildFile; fileRef = 8D2A21891522141000E9D6C1 /* InfoPlist.strings */; };
		8D2A218D1522141000E9D6C1 /* main.m in Sources */ = {isa = PBXBuildFile; fileRef = 8D2A218C1522141000E9D6C1 /* main.m */; };
		8D2A21901522141000E9D6C1 /* Cordova.framework in Frameworks */ = {isa = PBXBuildFile; fileRef = 8D2A218F1522141000E9D6C1 /* Cordova.framework */; };
		8D2A21951522141000E9D6C1 /* Localizable.strings in Resources */ = {isa = PBXBuildFile; fileRef = 8D2A21931522141000E9D6C1 /* Localizable.strings */; };
		8D2A21991522141000E9D6C1 /* Localizable.strings in Resources */ = {isa = PBXBuildFile; fileRef = 8D2A21971522141000E9D6C1 /* Localizable.strings */; };
		8D2A219D1522141000E9D6C1 /* Localizable.strings in Resources */ = {isa = PBXBuildFile; fileRef = 8D2A219B1522141000E9D6C1 /* Localizable.strings */; };
		8D2A21A11522141000E9D6C1 /* Localizable.strings in Resources */ = {isa = PBXBuildFile; fileRef = 8D2A219F1522141000E9D6C1 /* Localizable.strings */; };
		8D2A21A41522141000E9D6C1 /* icon.png in Resources */ = {isa = PBXBuildFile; fileRef = 8D2A21A31522141000E9D6C1 /* icon.png */; };
		8D2A21A61522141000E9D6C1 /* icon@2x.png in Resources */ = {isa = PBXBuildFile; fileRef = 8D2A21A51522141000E9D6C1 /* icon@2x.png */; };
		8D2A21A81522141000E9D6C1 /* icon-72.png in Resources */ = {isa = PBXBuildFile; fileRef = 8D2A21A71522141000E9D6C1 /* icon-72.png */; };
		8D2A21AB1522141000E9D6C1 /* Default.png in Resources */ = {isa = PBXBuildFile; fileRef = 8D2A21AA1522141000E9D6C1 /* Default.png */; };
		8D2A21AD1522141000E9D6C1 /* Default@2x.png in Resources */ = {isa = PBXBuildFile; fileRef = 8D2A21AC1522141000E9D6C1 /* Default@2x.png */; };
		8D2A21AF1522141000E9D6C1 /* Capture.bundle in Resources */ = {isa = PBXBuildFile; fileRef = 8D2A21AE1522141000E9D6C1 /* Capture.bundle */; };
		8D2A21B11522141000E9D6C1 /* Cordova.plist in Resources */ = {isa = PBXBuildFile; fileRef = 8D2A21B01522141000E9D6C1 /* Cordova.plist */; };
		8D2A21B51522141000E9D6C1 /* AppDelegate.m in Sources */ = {isa = PBXBuildFile; fileRef = 8D2A21B41522141000E9D6C1 /* AppDelegate.m */; };
		8D2A21B81522141100E9D6C1 /* MainViewController.m in Sources */ = {isa = PBXBuildFile; fileRef = 8D2A21B71522141100E9D6C1 /* MainViewController.m */; };
		8D2A21BA1522141100E9D6C1 /* MainViewController.xib in Resources */ = {isa = PBXBuildFile; fileRef = 8D2A21B91522141100E9D6C1 /* MainViewController.xib */; };
		8D2A21BE1522141100E9D6C1 /* verify.sh in Resources */ = {isa = PBXBuildFile; fileRef = 8D2A21BD1522141100E9D6C1 /* verify.sh */; };
		8D2A21C51522174900E9D6C1 /* www in Resources */ = {isa = PBXBuildFile; fileRef = 8D2A21C41522174900E9D6C1 /* www */; };
		8D2A21C8152217F500E9D6C1 /* TCPlugin.m in Sources */ = {isa = PBXBuildFile; fileRef = 8D2A21C7152217F500E9D6C1 /* TCPlugin.m */; };
		8D2A21DE15221BAE00E9D6C1 /* CFNetwork.framework in Frameworks */ = {isa = PBXBuildFile; fileRef = 8D2A21DD15221BAE00E9D6C1 /* CFNetwork.framework */; };
		8D2A21EE15221D1300E9D6C1 /* libTwilioClient.a in Frameworks */ = {isa = PBXBuildFile; fileRef = 8D2A21ED15221D1300E9D6C1 /* libTwilioClient.a */; };
/* End PBXBuildFile section */

/* Begin PBXFileReference section */
		8D2A21681522141000E9D6C1 /* TwilioPhoneGapExample.app */ = {isa = PBXFileReference; explicitFileType = wrapper.application; includeInIndex = 0; path = TwilioPhoneGapExample.app; sourceTree = BUILT_PRODUCTS_DIR; };
		8D2A216C1522141000E9D6C1 /* Foundation.framework */ = {isa = PBXFileReference; lastKnownFileType = wrapper.framework; name = Foundation.framework; path = System/Library/Frameworks/Foundation.framework; sourceTree = SDKROOT; };
		8D2A216E1522141000E9D6C1 /* UIKit.framework */ = {isa = PBXFileReference; lastKnownFileType = wrapper.framework; name = UIKit.framework; path = System/Library/Frameworks/UIKit.framework; sourceTree = SDKROOT; };
		8D2A21701522141000E9D6C1 /* CoreGraphics.framework */ = {isa = PBXFileReference; lastKnownFileType = wrapper.framework; name = CoreGraphics.framework; path = System/Library/Frameworks/CoreGraphics.framework; sourceTree = SDKROOT; };
		8D2A21721522141000E9D6C1 /* AddressBook.framework */ = {isa = PBXFileReference; lastKnownFileType = wrapper.framework; name = AddressBook.framework; path = System/Library/Frameworks/AddressBook.framework; sourceTree = SDKROOT; };
		8D2A21741522141000E9D6C1 /* AddressBookUI.framework */ = {isa = PBXFileReference; lastKnownFileType = wrapper.framework; name = AddressBookUI.framework; path = System/Library/Frameworks/AddressBookUI.framework; sourceTree = SDKROOT; };
		8D2A21761522141000E9D6C1 /* AudioToolbox.framework */ = {isa = PBXFileReference; lastKnownFileType = wrapper.framework; name = AudioToolbox.framework; path = System/Library/Frameworks/AudioToolbox.framework; sourceTree = SDKROOT; };
		8D2A21781522141000E9D6C1 /* AVFoundation.framework */ = {isa = PBXFileReference; lastKnownFileType = wrapper.framework; name = AVFoundation.framework; path = System/Library/Frameworks/AVFoundation.framework; sourceTree = SDKROOT; };
		8D2A217A1522141000E9D6C1 /* CoreLocation.framework */ = {isa = PBXFileReference; lastKnownFileType = wrapper.framework; name = CoreLocation.framework; path = System/Library/Frameworks/CoreLocation.framework; sourceTree = SDKROOT; };
		8D2A217C1522141000E9D6C1 /* MediaPlayer.framework */ = {isa = PBXFileReference; lastKnownFileType = wrapper.framework; name = MediaPlayer.framework; path = System/Library/Frameworks/MediaPlayer.framework; sourceTree = SDKROOT; };
		8D2A217E1522141000E9D6C1 /* QuartzCore.framework */ = {isa = PBXFileReference; lastKnownFileType = wrapper.framework; name = QuartzCore.framework; path = System/Library/Frameworks/QuartzCore.framework; sourceTree = SDKROOT; };
		8D2A21801522141000E9D6C1 /* SystemConfiguration.framework */ = {isa = PBXFileReference; lastKnownFileType = wrapper.framework; name = SystemConfiguration.framework; path = System/Library/Frameworks/SystemConfiguration.framework; sourceTree = SDKROOT; };
		8D2A21821522141000E9D6C1 /* MobileCoreServices.framework */ = {isa = PBXFileReference; lastKnownFileType = wrapper.framework; name = MobileCoreServices.framework; path = System/Library/Frameworks/MobileCoreServices.framework; sourceTree = SDKROOT; };
		8D2A21841522141000E9D6C1 /* CoreMedia.framework */ = {isa = PBXFileReference; lastKnownFileType = wrapper.framework; name = CoreMedia.framework; path = System/Library/Frameworks/CoreMedia.framework; sourceTree = SDKROOT; };
		8D2A21881522141000E9D6C1 /* TwilioPhoneGapExample-Info.plist */ = {isa = PBXFileReference; lastKnownFileType = text.plist.xml; path = "TwilioPhoneGapExample-Info.plist"; sourceTree = "<group>"; };
		8D2A218A1522141000E9D6C1 /* en */ = {isa = PBXFileReference; lastKnownFileType = text.plist.strings; name = en; path = en.lproj/InfoPlist.strings; sourceTree = "<group>"; };
		8D2A218C1522141000E9D6C1 /* main.m */ = {isa = PBXFileReference; lastKnownFileType = sourcecode.c.objc; path = main.m; sourceTree = "<group>"; };
		8D2A218E1522141000E9D6C1 /* TwilioPhoneGapExample-Prefix.pch */ = {isa = PBXFileReference; lastKnownFileType = sourcecode.c.h; path = "TwilioPhoneGapExample-Prefix.pch"; sourceTree = "<group>"; };
		8D2A218F1522141000E9D6C1 /* Cordova.framework */ = {isa = PBXFileReference; lastKnownFileType = wrapper.framework; name = Cordova.framework; path = /Users/Shared/Cordova/Frameworks/Cordova.framework; sourceTree = "<absolute>"; };
		8D2A21941522141000E9D6C1 /* en */ = {isa = PBXFileReference; lastKnownFileType = text.plist.strings; name = en; path = Resources/en.lproj/Localizable.strings; sourceTree = "<group>"; };
		8D2A21981522141000E9D6C1 /* es */ = {isa = PBXFileReference; lastKnownFileType = text.plist.strings; name = es; path = Resources/es.lproj/Localizable.strings; sourceTree = "<group>"; };
		8D2A219C1522141000E9D6C1 /* de */ = {isa = PBXFileReference; lastKnownFileType = text.plist.strings; name = de; path = Resources/de.lproj/Localizable.strings; sourceTree = "<group>"; };
		8D2A21A01522141000E9D6C1 /* se */ = {isa = PBXFileReference; lastKnownFileType = text.plist.strings; name = se; path = Resources/se.lproj/Localizable.strings; sourceTree = "<group>"; };
		8D2A21A31522141000E9D6C1 /* icon.png */ = {isa = PBXFileReference; lastKnownFileType = image.png; name = icon.png; path = Resources/icons/icon.png; sourceTree = "<group>"; };
		8D2A21A51522141000E9D6C1 /* icon@2x.png */ = {isa = PBXFileReference; lastKnownFileType = image.png; name = "icon@2x.png"; path = "Resources/icons/icon@2x.png"; sourceTree = "<group>"; };
		8D2A21A71522141000E9D6C1 /* icon-72.png */ = {isa = PBXFileReference; lastKnownFileType = image.png; name = "icon-72.png"; path = "Resources/icons/icon-72.png"; sourceTree = "<group>"; };
		8D2A21AA1522141000E9D6C1 /* Default.png */ = {isa = PBXFileReference; lastKnownFileType = image.png; name = Default.png; path = Resources/splash/Default.png; sourceTree = "<group>"; };
		8D2A21AC1522141000E9D6C1 /* Default@2x.png */ = {isa = PBXFileReference; lastKnownFileType = image.png; name = "Default@2x.png"; path = "Resources/splash/Default@2x.png"; sourceTree = "<group>"; };
		8D2A21AE1522141000E9D6C1 /* Capture.bundle */ = {isa = PBXFileReference; lastKnownFileType = "wrapper.plug-in"; name = Capture.bundle; path = Resources/Capture.bundle; sourceTree = "<group>"; };
		8D2A21B01522141000E9D6C1 /* Cordova.plist */ = {isa = PBXFileReference; lastKnownFileType = text.plist.xml; path = Cordova.plist; sourceTree = "<group>"; };
		8D2A21B31522141000E9D6C1 /* AppDelegate.h */ = {isa = PBXFileReference; lastKnownFileType = sourcecode.c.h; name = AppDelegate.h; path = Classes/AppDelegate.h; sourceTree = "<group>"; };
		8D2A21B41522141000E9D6C1 /* AppDelegate.m */ = {isa = PBXFileReference; lastKnownFileType = sourcecode.c.objc; name = AppDelegate.m; path = Classes/AppDelegate.m; sourceTree = "<group>"; };
		8D2A21B61522141000E9D6C1 /* MainViewController.h */ = {isa = PBXFileReference; lastKnownFileType = sourcecode.c.h; name = MainViewController.h; path = Classes/MainViewController.h; sourceTree = "<group>"; };
		8D2A21B71522141100E9D6C1 /* MainViewController.m */ = {isa = PBXFileReference; lastKnownFileType = sourcecode.c.objc; name = MainViewController.m; path = Classes/MainViewController.m; sourceTree = "<group>"; };
		8D2A21B91522141100E9D6C1 /* MainViewController.xib */ = {isa = PBXFileReference; lastKnownFileType = file.xib; name = MainViewController.xib; path = Classes/MainViewController.xib; sourceTree = "<group>"; };
		8D2A21BC1522141100E9D6C1 /* README */ = {isa = PBXFileReference; lastKnownFileType = text; name = README; path = Plugins/README; sourceTree = "<group>"; };
		8D2A21BD1522141100E9D6C1 /* verify.sh */ = {isa = PBXFileReference; lastKnownFileType = text.script.sh; path = verify.sh; sourceTree = "<group>"; };
		8D2A21C41522174900E9D6C1 /* www */ = {isa = PBXFileReference; lastKnownFileType = folder; path = www; sourceTree = "<group>"; };
		8D2A21C6152217F500E9D6C1 /* TCPlugin.h */ = {isa = PBXFileReference; fileEncoding = 4; lastKnownFileType = sourcecode.c.h; name = TCPlugin.h; path = ../../twilio_client_phonegap/iOS/TCPlugin.h; sourceTree = "<group>"; };
		8D2A21C7152217F500E9D6C1 /* TCPlugin.m */ = {isa = PBXFileReference; fileEncoding = 4; lastKnownFileType = sourcecode.c.objc; name = TCPlugin.m; path = ../../twilio_client_phonegap/iOS/TCPlugin.m; sourceTree = "<group>"; };
		8D2A21DD15221BAE00E9D6C1 /* CFNetwork.framework */ = {isa = PBXFileReference; lastKnownFileType = wrapper.framework; name = CFNetwork.framework; path = System/Library/Frameworks/CFNetwork.framework; sourceTree = SDKROOT; };
		8D2A21E715221D0600E9D6C1 /* TCConnection.h */ = {isa = PBXFileReference; fileEncoding = 4; lastKnownFileType = sourcecode.c.h; path = TCConnection.h; sourceTree = "<group>"; };
		8D2A21E815221D0600E9D6C1 /* TCConnectionDelegate.h */ = {isa = PBXFileReference; fileEncoding = 4; lastKnownFileType = sourcecode.c.h; path = TCConnectionDelegate.h; sourceTree = "<group>"; };
		8D2A21E915221D0600E9D6C1 /* TCDevice.h */ = {isa = PBXFileReference; fileEncoding = 4; lastKnownFileType = sourcecode.c.h; path = TCDevice.h; sourceTree = "<group>"; };
		8D2A21EA15221D0600E9D6C1 /* TCDeviceDelegate.h */ = {isa = PBXFileReference; fileEncoding = 4; lastKnownFileType = sourcecode.c.h; path = TCDeviceDelegate.h; sourceTree = "<group>"; };
		8D2A21EB15221D0600E9D6C1 /* TCPresenceEvent.h */ = {isa = PBXFileReference; fileEncoding = 4; lastKnownFileType = sourcecode.c.h; path = TCPresenceEvent.h; sourceTree = "<group>"; };
		8D2A21EC15221D0600E9D6C1 /* TwilioClient.h */ = {isa = PBXFileReference; fileEncoding = 4; lastKnownFileType = sourcecode.c.h; path = TwilioClient.h; sourceTree = "<group>"; };
		8D2A21ED15221D1300E9D6C1 /* libTwilioClient.a */ = {isa = PBXFileReference; lastKnownFileType = archive.ar; path = libTwilioClient.a; sourceTree = "<group>"; };
/* End PBXFileReference section */

/* Begin PBXFrameworksBuildPhase section */
		8D2A21621522141000E9D6C1 /* Frameworks */ = {
			isa = PBXFrameworksBuildPhase;
			buildActionMask = 2147483647;
			files = (
				8D2A21DE15221BAE00E9D6C1 /* CFNetwork.framework in Frameworks */,
				8D2A216D1522141000E9D6C1 /* Foundation.framework in Frameworks */,
				8D2A216F1522141000E9D6C1 /* UIKit.framework in Frameworks */,
				8D2A21711522141000E9D6C1 /* CoreGraphics.framework in Frameworks */,
				8D2A21731522141000E9D6C1 /* AddressBook.framework in Frameworks */,
				8D2A21751522141000E9D6C1 /* AddressBookUI.framework in Frameworks */,
				8D2A21771522141000E9D6C1 /* AudioToolbox.framework in Frameworks */,
				8D2A21791522141000E9D6C1 /* AVFoundation.framework in Frameworks */,
				8D2A217B1522141000E9D6C1 /* CoreLocation.framework in Frameworks */,
				8D2A217D1522141000E9D6C1 /* MediaPlayer.framework in Frameworks */,
				8D2A217F1522141000E9D6C1 /* QuartzCore.framework in Frameworks */,
				8D2A21811522141000E9D6C1 /* SystemConfiguration.framework in Frameworks */,
				8D2A21831522141000E9D6C1 /* MobileCoreServices.framework in Frameworks */,
				8D2A21851522141000E9D6C1 /* CoreMedia.framework in Frameworks */,
				8D2A21901522141000E9D6C1 /* Cordova.framework in Frameworks */,
				8D2A21EE15221D1300E9D6C1 /* libTwilioClient.a in Frameworks */,
			);
			runOnlyForDeploymentPostprocessing = 0;
		};
		8D2A21651522141000E9D6C1 /* Frameworks */ = {
			isa = PBXFrameworksBuildPhase;
			buildActionMask = 2147483647;
			files = (
			);
			runOnlyForDeploymentPostprocessing = 0;
		};
/* End PBXFrameworksBuildPhase section */

/* Begin PBXGroup section */
		8D2A215A1522141000E9D6C1 = {
			isa = PBXGroup;
			children = (
				8D2A21ED15221D1300E9D6C1 /* libTwilioClient.a */,
				8D2A21E615221D0600E9D6C1 /* Headers */,
				8D2A21DD15221BAE00E9D6C1 /* CFNetwork.framework */,
				8D2A21C41522174900E9D6C1 /* www */,
				8D2A21861522141000E9D6C1 /* TwilioPhoneGapExample */,
				8D2A216B1522141000E9D6C1 /* Frameworks */,
				8D2A21691522141000E9D6C1 /* Products */,
			);
			sourceTree = "<group>";
		};
		8D2A21691522141000E9D6C1 /* Products */ = {
			isa = PBXGroup;
			children = (
				8D2A21681522141000E9D6C1 /* TwilioPhoneGapExample.app */,
			);
			name = Products;
			sourceTree = "<group>";
		};
		8D2A216B1522141000E9D6C1 /* Frameworks */ = {
			isa = PBXGroup;
			children = (
				8D2A216C1522141000E9D6C1 /* Foundation.framework */,
				8D2A216E1522141000E9D6C1 /* UIKit.framework */,
				8D2A21701522141000E9D6C1 /* CoreGraphics.framework */,
				8D2A21721522141000E9D6C1 /* AddressBook.framework */,
				8D2A21741522141000E9D6C1 /* AddressBookUI.framework */,
				8D2A21761522141000E9D6C1 /* AudioToolbox.framework */,
				8D2A21781522141000E9D6C1 /* AVFoundation.framework */,
				8D2A217A1522141000E9D6C1 /* CoreLocation.framework */,
				8D2A217C1522141000E9D6C1 /* MediaPlayer.framework */,
				8D2A217E1522141000E9D6C1 /* QuartzCore.framework */,
				8D2A21801522141000E9D6C1 /* SystemConfiguration.framework */,
				8D2A21821522141000E9D6C1 /* MobileCoreServices.framework */,
				8D2A21841522141000E9D6C1 /* CoreMedia.framework */,
			);
			name = Frameworks;
			sourceTree = "<group>";
		};
		8D2A21861522141000E9D6C1 /* TwilioPhoneGapExample */ = {
			isa = PBXGroup;
			children = (
				8D2A218F1522141000E9D6C1 /* Cordova.framework */,
				8D2A21911522141000E9D6C1 /* Resources */,
				8D2A21B21522141000E9D6C1 /* Classes */,
				8D2A21BB1522141100E9D6C1 /* Plugins */,
				8D2A21871522141000E9D6C1 /* Supporting Files */,
			);
			path = TwilioPhoneGapExample;
			sourceTree = "<group>";
		};
		8D2A21871522141000E9D6C1 /* Supporting Files */ = {
			isa = PBXGroup;
			children = (
				8D2A21881522141000E9D6C1 /* TwilioPhoneGapExample-Info.plist */,
				8D2A21891522141000E9D6C1 /* InfoPlist.strings */,
				8D2A218C1522141000E9D6C1 /* main.m */,
				8D2A218E1522141000E9D6C1 /* TwilioPhoneGapExample-Prefix.pch */,
				8D2A21B01522141000E9D6C1 /* Cordova.plist */,
				8D2A21B91522141100E9D6C1 /* MainViewController.xib */,
				8D2A21BD1522141100E9D6C1 /* verify.sh */,
			);
			name = "Supporting Files";
			sourceTree = "<group>";
		};
		8D2A21911522141000E9D6C1 /* Resources */ = {
			isa = PBXGroup;
			children = (
				8D2A21AE1522141000E9D6C1 /* Capture.bundle */,
				8D2A21921522141000E9D6C1 /* en.lproj */,
				8D2A21961522141000E9D6C1 /* es.lproj */,
				8D2A219A1522141000E9D6C1 /* de.lproj */,
				8D2A219E1522141000E9D6C1 /* se.lproj */,
				8D2A21A21522141000E9D6C1 /* icons */,
				8D2A21A91522141000E9D6C1 /* splash */,
			);
			name = Resources;
			sourceTree = "<group>";
		};
		8D2A21921522141000E9D6C1 /* en.lproj */ = {
			isa = PBXGroup;
			children = (
				8D2A21931522141000E9D6C1 /* Localizable.strings */,
			);
			name = en.lproj;
			sourceTree = "<group>";
		};
		8D2A21961522141000E9D6C1 /* es.lproj */ = {
			isa = PBXGroup;
			children = (
				8D2A21971522141000E9D6C1 /* Localizable.strings */,
			);
			name = es.lproj;
			sourceTree = "<group>";
		};
		8D2A219A1522141000E9D6C1 /* de.lproj */ = {
			isa = PBXGroup;
			children = (
				8D2A219B1522141000E9D6C1 /* Localizable.strings */,
			);
			name = de.lproj;
			sourceTree = "<group>";
		};
		8D2A219E1522141000E9D6C1 /* se.lproj */ = {
			isa = PBXGroup;
			children = (
				8D2A219F1522141000E9D6C1 /* Localizable.strings */,
			);
			name = se.lproj;
			sourceTree = "<group>";
		};
		8D2A21A21522141000E9D6C1 /* icons */ = {
			isa = PBXGroup;
			children = (
				8D2A21A31522141000E9D6C1 /* icon.png */,
				8D2A21A51522141000E9D6C1 /* icon@2x.png */,
				8D2A21A71522141000E9D6C1 /* icon-72.png */,
			);
			name = icons;
			sourceTree = "<group>";
		};
		8D2A21A91522141000E9D6C1 /* splash */ = {
			isa = PBXGroup;
			children = (
				8D2A21AA1522141000E9D6C1 /* Default.png */,
				8D2A21AC1522141000E9D6C1 /* Default@2x.png */,
			);
			name = splash;
			sourceTree = "<group>";
		};
		8D2A21B21522141000E9D6C1 /* Classes */ = {
			isa = PBXGroup;
			children = (
				8D2A21B31522141000E9D6C1 /* AppDelegate.h */,
				8D2A21B41522141000E9D6C1 /* AppDelegate.m */,
				8D2A21B61522141000E9D6C1 /* MainViewController.h */,
				8D2A21B71522141100E9D6C1 /* MainViewController.m */,
			);
			name = Classes;
			sourceTree = "<group>";
		};
		8D2A21BB1522141100E9D6C1 /* Plugins */ = {
			isa = PBXGroup;
			children = (
				8D2A21C6152217F500E9D6C1 /* TCPlugin.h */,
				8D2A21C7152217F500E9D6C1 /* TCPlugin.m */,
				8D2A21BC1522141100E9D6C1 /* README */,
			);
			name = Plugins;
			sourceTree = "<group>";
		};
		8D2A21E615221D0600E9D6C1 /* Headers */ = {
			isa = PBXGroup;
			children = (
				8D2A21E715221D0600E9D6C1 /* TCConnection.h */,
				8D2A21E815221D0600E9D6C1 /* TCConnectionDelegate.h */,
				8D2A21E915221D0600E9D6C1 /* TCDevice.h */,
				8D2A21EA15221D0600E9D6C1 /* TCDeviceDelegate.h */,
				8D2A21EB15221D0600E9D6C1 /* TCPresenceEvent.h */,
				8D2A21EC15221D0600E9D6C1 /* TwilioClient.h */,
			);
			path = Headers;
			sourceTree = "<group>";
		};
/* End PBXGroup section */

/* Begin PBXNativeTarget section */
		8D2A21671522141000E9D6C1 /* TwilioPhoneGapExample */ = {
			isa = PBXNativeTarget;
			buildConfigurationList = 8D2A21C11522141100E9D6C1 /* Build configuration list for PBXNativeTarget "TwilioPhoneGapExample" */;
			buildPhases = (
				8D2A21611522141000E9D6C1 /* Sources */,
				8D2A21621522141000E9D6C1 /* Frameworks */,
				8D2A21631522141000E9D6C1 /* Resources */,
				8D2A21641522141000E9D6C1 /* Sources */,
				8D2A21651522141000E9D6C1 /* Frameworks */,
				8D2A21661522141000E9D6C1 /* ShellScript */,
			);
			buildRules = (
			);
			dependencies = (
			);
			name = TwilioPhoneGapExample;
			productName = TwilioPhoneGapExample;
			productReference = 8D2A21681522141000E9D6C1 /* TwilioPhoneGapExample.app */;
			productType = "com.apple.product-type.application";
		};
/* End PBXNativeTarget section */

/* Begin PBXProject section */
		8D2A215C1522141000E9D6C1 /* Project object */ = {
			isa = PBXProject;
			attributes = {
				LastUpgradeCheck = 0420;
				ORGANIZATIONNAME = Twilio;
			};
			buildConfigurationList = 8D2A215F1522141000E9D6C1 /* Build configuration list for PBXProject "TwilioPhoneGapExample" */;
			compatibilityVersion = "Xcode 3.2";
			developmentRegion = English;
			hasScannedForEncodings = 0;
			knownRegions = (
				en,
				es,
				de,
				se,
			);
			mainGroup = 8D2A215A1522141000E9D6C1;
			productRefGroup = 8D2A21691522141000E9D6C1 /* Products */;
			projectDirPath = "";
			projectRoot = "";
			targets = (
				8D2A21671522141000E9D6C1 /* TwilioPhoneGapExample */,
			);
		};
/* End PBXProject section */

/* Begin PBXResourcesBuildPhase section */
		8D2A21631522141000E9D6C1 /* Resources */ = {
			isa = PBXResourcesBuildPhase;
			buildActionMask = 2147483647;
			files = (
				8D2A218B1522141000E9D6C1 /* InfoPlist.strings in Resources */,
				8D2A21951522141000E9D6C1 /* Localizable.strings in Resources */,
				8D2A21991522141000E9D6C1 /* Localizable.strings in Resources */,
				8D2A219D1522141000E9D6C1 /* Localizable.strings in Resources */,
				8D2A21A11522141000E9D6C1 /* Localizable.strings in Resources */,
				8D2A21A41522141000E9D6C1 /* icon.png in Resources */,
				8D2A21A61522141000E9D6C1 /* icon@2x.png in Resources */,
				8D2A21A81522141000E9D6C1 /* icon-72.png in Resources */,
				8D2A21AB1522141000E9D6C1 /* Default.png in Resources */,
				8D2A21AD1522141000E9D6C1 /* Default@2x.png in Resources */,
				8D2A21AF1522141000E9D6C1 /* Capture.bundle in Resources */,
				8D2A21B11522141000E9D6C1 /* Cordova.plist in Resources */,
				8D2A21BA1522141100E9D6C1 /* MainViewController.xib in Resources */,
				8D2A21BE1522141100E9D6C1 /* verify.sh in Resources */,
				8D2A21C51522174900E9D6C1 /* www in Resources */,
			);
			runOnlyForDeploymentPostprocessing = 0;
		};
/* End PBXResourcesBuildPhase section */

/* Begin PBXShellScriptBuildPhase section */
		8D2A21661522141000E9D6C1 /* ShellScript */ = {
			isa = PBXShellScriptBuildPhase;
			buildActionMask = 2147483647;
			files = (
			);
			inputPaths = (
			);
			outputPaths = (
			);
			runOnlyForDeploymentPostprocessing = 0;
			shellPath = /bin/bash;
			shellScript = "\n\t\t\t\t\t\t\t\tchmod 755 $PROJECT_DIR/$PROJECT_NAME/verify.sh\n\t\t\t\t\t\t\t\t$PROJECT_DIR/$PROJECT_NAME/verify.sh\n\t\t\t\t\t";
		};
/* End PBXShellScriptBuildPhase section */

/* Begin PBXSourcesBuildPhase section */
		8D2A21611522141000E9D6C1 /* Sources */ = {
			isa = PBXSourcesBuildPhase;
			buildActionMask = 2147483647;
			files = (
				8D2A218D1522141000E9D6C1 /* main.m in Sources */,
				8D2A21B51522141000E9D6C1 /* AppDelegate.m in Sources */,
				8D2A21B81522141100E9D6C1 /* MainViewController.m in Sources */,
				8D2A21C8152217F500E9D6C1 /* TCPlugin.m in Sources */,
			);
			runOnlyForDeploymentPostprocessing = 0;
		};
		8D2A21641522141000E9D6C1 /* Sources */ = {
			isa = PBXSourcesBuildPhase;
			buildActionMask = 2147483647;
			files = (
			);
			runOnlyForDeploymentPostprocessing = 0;
		};
/* End PBXSourcesBuildPhase section */

/* Begin PBXVariantGroup section */
		8D2A21891522141000E9D6C1 /* InfoPlist.strings */ = {
			isa = PBXVariantGroup;
			children = (
				8D2A218A1522141000E9D6C1 /* en */,
			);
			name = InfoPlist.strings;
			sourceTree = "<group>";
		};
		8D2A21931522141000E9D6C1 /* Localizable.strings */ = {
			isa = PBXVariantGroup;
			children = (
				8D2A21941522141000E9D6C1 /* en */,
			);
			name = Localizable.strings;
			sourceTree = "<group>";
		};
		8D2A21971522141000E9D6C1 /* Localizable.strings */ = {
			isa = PBXVariantGroup;
			children = (
				8D2A21981522141000E9D6C1 /* es */,
			);
			name = Localizable.strings;
			sourceTree = "<group>";
		};
		8D2A219B1522141000E9D6C1 /* Localizable.strings */ = {
			isa = PBXVariantGroup;
			children = (
				8D2A219C1522141000E9D6C1 /* de */,
			);
			name = Localizable.strings;
			sourceTree = "<group>";
		};
		8D2A219F1522141000E9D6C1 /* Localizable.strings */ = {
			isa = PBXVariantGroup;
			children = (
				8D2A21A01522141000E9D6C1 /* se */,
			);
			name = Localizable.strings;
			sourceTree = "<group>";
		};
/* End PBXVariantGroup section */

/* Begin XCBuildConfiguration section */
		8D2A21BF1522141100E9D6C1 /* Debug */ = {
			isa = XCBuildConfiguration;
			buildSettings = {
				ALWAYS_SEARCH_USER_PATHS = NO;
				ARCHS = (
					armv6,
					"$(ARCHS_STANDARD_32_BIT)",
				);
				CLANG_ENABLE_OBJC_ARC = YES;
				"CODE_SIGN_IDENTITY[sdk=iphoneos*]" = "iPhone Developer";
				COPY_PHASE_STRIP = NO;
				GCC_C_LANGUAGE_STANDARD = gnu99;
				GCC_DYNAMIC_NO_PIC = NO;
				GCC_OPTIMIZATION_LEVEL = 0;
				GCC_PREPROCESSOR_DEFINITIONS = (
					"DEBUG=1",
					"$(inherited)",
				);
				GCC_SYMBOLS_PRIVATE_EXTERN = NO;
				GCC_VERSION = com.apple.compilers.llvm.clang.1_0;
				GCC_WARN_ABOUT_MISSING_PROTOTYPES = YES;
				GCC_WARN_ABOUT_RETURN_TYPE = YES;
				GCC_WARN_UNUSED_VARIABLE = YES;
				IPHONEOS_DEPLOYMENT_TARGET = 3.0;
				SDKROOT = iphoneos;
			};
			name = Debug;
		};
		8D2A21C01522141100E9D6C1 /* Release */ = {
			isa = XCBuildConfiguration;
			buildSettings = {
				ALWAYS_SEARCH_USER_PATHS = NO;
				ARCHS = (
					armv6,
					"$(ARCHS_STANDARD_32_BIT)",
				);
				CLANG_ENABLE_OBJC_ARC = YES;
				"CODE_SIGN_IDENTITY[sdk=iphoneos*]" = "iPhone Developer";
				COPY_PHASE_STRIP = YES;
				GCC_C_LANGUAGE_STANDARD = gnu99;
				GCC_VERSION = com.apple.compilers.llvm.clang.1_0;
				GCC_WARN_ABOUT_MISSING_PROTOTYPES = YES;
				GCC_WARN_ABOUT_RETURN_TYPE = YES;
				GCC_WARN_UNUSED_VARIABLE = YES;
				IPHONEOS_DEPLOYMENT_TARGET = 3.0;
				SDKROOT = iphoneos;
				VALIDATE_PRODUCT = YES;
			};
			name = Release;
		};
		8D2A21C21522141100E9D6C1 /* Debug */ = {
			isa = XCBuildConfiguration;
			buildSettings = {
				ALWAYS_SEARCH_USER_PATHS = YES;
				COPY_PHASE_STRIP = NO;
				FRAMEWORK_SEARCH_PATHS = /Users/Shared/Cordova/Frameworks;
				GCC_DYNAMIC_NO_PIC = NO;
				GCC_PRECOMPILE_PREFIX_HEADER = YES;
				GCC_PREFIX_HEADER = "TwilioPhoneGapExample/TwilioPhoneGapExample-Prefix.pch";
				GCC_PREPROCESSOR_DEFINITIONS = (
					"DEBUG=1,",
					"CORDOVA_FRAMEWORK=1",
				);
				INFOPLIST_FILE = "TwilioPhoneGapExample/TwilioPhoneGapExample-Info.plist";
				LIBRARY_SEARCH_PATHS = (
					"$(inherited)",
					"\"$(SRCROOT)/../../Downloads/TwilioClient 2\"",
					"\"$(SRCROOT)\"",
				);
				OTHER_LDFLAGS = (
					"-weak_framework",
					UIKit,
					"-weak_framework",
					AVFoundation,
					"-weak_framework",
					CoreMedia,
					"-weak_library",
					/usr/lib/libSystem.B.dylib,
				);
				PRODUCT_NAME = "$(TARGET_NAME)";
				TARGETED_DEVICE_FAMILY = 1;
				WRAPPER_EXTENSION = app;
			};
			name = Debug;
		};
		8D2A21C31522141100E9D6C1 /* Release */ = {
			isa = XCBuildConfiguration;
			buildSettings = {
				ALWAYS_SEARCH_USER_PATHS = YES;
				COPY_PHASE_STRIP = YES;
				DEBUG_INFORMATION_FORMAT = "dwarf-with-dsym";
				FRAMEWORK_SEARCH_PATHS = /Users/Shared/Cordova/Frameworks;
				GCC_PRECOMPILE_PREFIX_HEADER = YES;
				GCC_PREFIX_HEADER = "TwilioPhoneGapExample/TwilioPhoneGapExample-Prefix.pch";
				GCC_PREPROCESSOR_DEFINITIONS = (
					"NDEBUG=1,",
					"CORDOVA_FRAMEWORK=1",
				);
				INFOPLIST_FILE = "TwilioPhoneGapExample/TwilioPhoneGapExample-Info.plist";
				LIBRARY_SEARCH_PATHS = (
					"$(inherited)",
					"\"$(SRCROOT)/../../Downloads/TwilioClient 2\"",
					"\"$(SRCROOT)\"",
				);
				OTHER_LDFLAGS = (
					"-weak_framework",
					UIKit,
					"-weak_framework",
					AVFoundation,
					"-weak_framework",
					CoreMedia,
					"-weak_library",
					/usr/lib/libSystem.B.dylib,
				);
				PRODUCT_NAME = "$(TARGET_NAME)";
				TARGETED_DEVICE_FAMILY = 1;
				VALIDATE_PRODUCT = YES;
				WRAPPER_EXTENSION = app;
			};
			name = Release;
		};
/* End XCBuildConfiguration section */

/* Begin XCConfigurationList section */
		8D2A215F1522141000E9D6C1 /* Build configuration list for PBXProject "TwilioPhoneGapExample" */ = {
			isa = XCConfigurationList;
			buildConfigurations = (
				8D2A21BF1522141100E9D6C1 /* Debug */,
				8D2A21C01522141100E9D6C1 /* Release */,
			);
			defaultConfigurationIsVisible = 0;
			defaultConfigurationName = Release;
		};
		8D2A21C11522141100E9D6C1 /* Build configuration list for PBXNativeTarget "TwilioPhoneGapExample" */ = {
			isa = XCConfigurationList;
			buildConfigurations = (
				8D2A21C21522141100E9D6C1 /* Debug */,
				8D2A21C31522141100E9D6C1 /* Release */,
			);
			defaultConfigurationIsVisible = 0;
			defaultConfigurationName = Release;
		};
/* End XCConfigurationList section */
	};
	rootObject = 8D2A215C1522141000E9D6C1 /* Project object */;
}
